Microsoft Visual Studio Solution File, Format Version 12.00
# Visual Studio Version 17
VisualStudioVersion = 17.5.2.0
MinimumVisualStudioVersion = 10.0.40219.1
Project("{FAE04EC0-301F-11D3-BF4B-00C04F79EFBC}") = "GroupProject", "GroupProject.csproj", "{CCA081B0-12BB-87C4-3061-E7031F774E95}"
EndProject
Global
	GlobalSection(SolutionConfigurationPlatforms) = preSolution
		Debug|Any CPU = Debug|Any CPU
		Release|Any CPU = Release|Any CPU
	EndGlobalSection
	GlobalSection(ProjectConfigurationPlatforms) = postSolution
		{CCA081B0-12BB-87C4-3061-E7031F774E95}.Debug|Any CPU.ActiveCfg = Debug|Any CPU
		{CCA081B0-12BB-87C4-3061-E7031F774E95}.Debug|Any CPU.Build.0 = Debug|Any CPU
		{CCA081B0-12BB-87C4-3061-E7031F774E95}.Release|Any CPU.ActiveCfg = Release|Any CPU
		{CCA081B0-12BB-87C4-3061-E7031F774E95}.Release|Any CPU.Build.0 = Release|Any CPU
	EndGlobalSection
	GlobalSection(SolutionProperties) = preSolution
		HideSolutionNode = FALSE
	EndGlobalSection
	GlobalSection(ExtensibilityGlobals) = postSolution
		SolutionGuid = {7648F29C-0749-463D-94C3-37A2405F6274}
	EndGlobalSection
EndGlobal
